{
  "name": "voting-client",
  "version": "0.1.0",
  "lockfileVersion": 1,
  "requires": true,
  "dependencies": {
    "chai-immutable": {
      "version": "1.6.0",
      "resolved": "https://registry.npmjs.org/chai-immutable/-/chai-immutable-1.6.0.tgz",
      "integrity": "sha1-nsAL3WeUixOyD8u4nL9K8s5vkkc=",
      "dev": true
    }
  }
}
